
Microsoft Visual Studio Solution File, Format Version 12.00
# Visual Studio 2013
VisualStudioVersion = 12.0.21005.1
MinimumVisualStudioVersion = 10.0.40219.1
Project("{8BC9CEB8-8B4A-11D0-8D11-00A0C91BC942}") = "MyActor_linux", "MyActor\MyActor_linux.vcxproj", "{9573870F-13B0-421C-B6B0-9665B02E8508}"
EndProject
Project("{8BC9CEB8-8B4A-11D0-8D11-00A0C91BC942}") = "MyActor_win", "MyActor\MyActor_win.vcxproj", "{F46F0326-E7FC-4E79-95D6-69F5F709CCAF}"
EndProject
Project("{8BC9CEB8-8B4A-11D0-8D11-00A0C91BC942}") = "MyActor_mingw", "MyActor_mingw\MyActor_mingw.vcxproj", "{27FDE187-1B88-4A88-BED2-5B8FFCD4C0D0}"
EndProject
Project("{8BC9CEB8-8B4A-11D0-8D11-00A0C91BC942}") = "MyActor_arm_linux", "MyActor_arm_linux\MyActor_arm_linux.vcxproj", "{5B0AE8CB-4AAA-435D-9CAC-C20F1CCCFC6A}"
EndProject
Global
	GlobalSection(SolutionConfigurationPlatforms) = preSolution
		Debug|Win32 = Debug|Win32
		Debug|x64 = Debug|x64
		Release|Win32 = Release|Win32
		Release|x64 = Release|x64
	EndGlobalSection
	GlobalSection(ProjectConfigurationPlatforms) = postSolution
		{9573870F-13B0-421C-B6B0-9665B02E8508}.Debug|Win32.ActiveCfg = Debug|Win32
		{9573870F-13B0-421C-B6B0-9665B02E8508}.Debug|Win32.Build.0 = Debug|Win32
		{9573870F-13B0-421C-B6B0-9665B02E8508}.Debug|x64.ActiveCfg = Debug|x64
		{9573870F-13B0-421C-B6B0-9665B02E8508}.Debug|x64.Build.0 = Debug|x64
		{9573870F-13B0-421C-B6B0-9665B02E8508}.Release|Win32.ActiveCfg = Release|Win32
		{9573870F-13B0-421C-B6B0-9665B02E8508}.Release|Win32.Build.0 = Release|Win32
		{9573870F-13B0-421C-B6B0-9665B02E8508}.Release|x64.ActiveCfg = Release|x64
		{9573870F-13B0-421C-B6B0-9665B02E8508}.Release|x64.Build.0 = Release|x64
		{F46F0326-E7FC-4E79-95D6-69F5F709CCAF}.Debug|Win32.ActiveCfg = Debug|Win32
		{F46F0326-E7FC-4E79-95D6-69F5F709CCAF}.Debug|Win32.Build.0 = Debug|Win32
		{F46F0326-E7FC-4E79-95D6-69F5F709CCAF}.Debug|x64.ActiveCfg = Debug|x64
		{F46F0326-E7FC-4E79-95D6-69F5F709CCAF}.Debug|x64.Build.0 = Debug|x64
		{F46F0326-E7FC-4E79-95D6-69F5F709CCAF}.Release|Win32.ActiveCfg = Release|Win32
		{F46F0326-E7FC-4E79-95D6-69F5F709CCAF}.Release|Win32.Build.0 = Release|Win32
		{F46F0326-E7FC-4E79-95D6-69F5F709CCAF}.Release|x64.ActiveCfg = Release|x64
		{F46F0326-E7FC-4E79-95D6-69F5F709CCAF}.Release|x64.Build.0 = Release|x64
		{27FDE187-1B88-4A88-BED2-5B8FFCD4C0D0}.Debug|Win32.ActiveCfg = Debug|Win32
		{27FDE187-1B88-4A88-BED2-5B8FFCD4C0D0}.Debug|Win32.Build.0 = Debug|Win32
		{27FDE187-1B88-4A88-BED2-5B8FFCD4C0D0}.Debug|x64.ActiveCfg = Debug|Win32
		{27FDE187-1B88-4A88-BED2-5B8FFCD4C0D0}.Release|Win32.ActiveCfg = Release|Win32
		{27FDE187-1B88-4A88-BED2-5B8FFCD4C0D0}.Release|Win32.Build.0 = Release|Win32
		{27FDE187-1B88-4A88-BED2-5B8FFCD4C0D0}.Release|x64.ActiveCfg = Release|Win32
		{5B0AE8CB-4AAA-435D-9CAC-C20F1CCCFC6A}.Debug|Win32.ActiveCfg = Debug|Win32
		{5B0AE8CB-4AAA-435D-9CAC-C20F1CCCFC6A}.Debug|Win32.Build.0 = Debug|Win32
		{5B0AE8CB-4AAA-435D-9CAC-C20F1CCCFC6A}.Debug|x64.ActiveCfg = Debug|Win32
		{5B0AE8CB-4AAA-435D-9CAC-C20F1CCCFC6A}.Release|Win32.ActiveCfg = Release|Win32
		{5B0AE8CB-4AAA-435D-9CAC-C20F1CCCFC6A}.Release|Win32.Build.0 = Release|Win32
		{5B0AE8CB-4AAA-435D-9CAC-C20F1CCCFC6A}.Release|x64.ActiveCfg = Release|Win32
	EndGlobalSection
	GlobalSection(SolutionProperties) = preSolution
		HideSolutionNode = FALSE
	EndGlobalSection
EndGlobal
