<?xml version="1.0" encoding="utf-8"?>
<Project ToolsVersion="4.0" xmlns="http://schemas.microsoft.com/developer/msbuild/2003">
  <ItemGroup>
    <Filter Include="源文件">
      <UniqueIdentifier>{4FC737F1-C7A5-4376-A066-2A32D752A2FF}</UniqueIdentifier>
      <Extensions>cpp;c;cc;cxx;def;odl;idl;hpj;bat;asm;asmx</Extensions>
    </Filter>
    <Filter Include="头文件">
      <UniqueIdentifier>{93995380-89BD-4b04-88EB-625FBE52EBFB}</UniqueIdentifier>
      <Extensions>h;hh;hpp;hxx;hm;inl;inc;xsd</Extensions>
    </Filter>
    <Filter Include="资源文件">
      <UniqueIdentifier>{67DA6AB6-F800-4c08-8B7A-83BB121AAD01}</UniqueIdentifier>
      <Extensions>rc;ico;cur;bmp;dlg;rc2;rct;bin;rgs;gif;jpg;jpeg;jpe;resx;tiff;tif;png;wav;mfcribbon-ms</Extensions>
    </Filter>
    <Filter Include="头文件\actor">
      <UniqueIdentifier>{662c9093-1bf6-4855-8e21-70dcb5e5eb82}</UniqueIdentifier>
    </Filter>
    <Filter Include="源文件\actor">
      <UniqueIdentifier>{69308202-1fa8-4703-926d-1b52333d1cd1}</UniqueIdentifier>
    </Filter>
  </ItemGroup>
  <ItemGroup>
    <ClCompile Include="MyActor.cpp">
      <Filter>源文件</Filter>
    </ClCompile>
    <ClCompile Include="actor\actor_timer.cpp">
      <Filter>源文件\actor</Filter>
    </ClCompile>
    <ClCompile Include="actor\io_engine.cpp">
      <Filter>源文件\actor</Filter>
    </ClCompile>
    <ClCompile Include="actor\scattered.cpp">
      <Filter>源文件\actor</Filter>
    </ClCompile>
    <ClCompile Include="actor\shared_strand.cpp">
      <Filter>源文件\actor</Filter>
    </ClCompile>
    <ClCompile Include="actor\strand_ex.cpp">
      <Filter>源文件\actor</Filter>
    </ClCompile>
    <ClCompile Include="actor\actor_mutex.cpp">
      <Filter>源文件\actor</Filter>
    </ClCompile>
    <ClCompile Include="actor\async_timer.cpp">
      <Filter>源文件\actor</Filter>
    </ClCompile>
    <ClCompile Include="actor\context_yield.cpp">
      <Filter>源文件\actor</Filter>
    </ClCompile>
    <ClCompile Include="actor\context_pool.cpp">
      <Filter>源文件\actor</Filter>
    </ClCompile>
    <ClCompile Include="actor.cpp">
      <Filter>源文件</Filter>
    </ClCompile>
    <ClCompile Include="actor\waitable_timer.cpp">
      <Filter>源文件\actor</Filter>
    </ClCompile>
    <ClCompile Include="actor\run_thread.cpp">
      <Filter>源文件\actor</Filter>
    </ClCompile>
    <ClCompile Include="actor\trace_stack.cpp">
      <Filter>源文件\actor</Filter>
    </ClCompile>
    <ClCompile Include="actor\actor_socket.cpp">
      <Filter>源文件\actor</Filter>
    </ClCompile>
    <ClCompile Include="actor\my_actor.cpp">
      <Filter>源文件\actor</Filter>
    </ClCompile>
    <ClCompile Include="actor\bind_qt_run.cpp">
      <Filter>源文件\actor</Filter>
    </ClCompile>
    <ClCompile Include="actor\qt_strand.cpp">
      <Filter>源文件\actor</Filter>
    </ClCompile>
  </ItemGroup>
  <ItemGroup>
    <ClInclude Include="actor\actor_timer.h">
      <Filter>头文件\actor</Filter>
    </ClInclude>
    <ClInclude Include="actor\io_engine.h">
      <Filter>头文件\actor</Filter>
    </ClInclude>
    <ClInclude Include="actor\mem_pool.h">
      <Filter>头文件\actor</Filter>
    </ClInclude>
    <ClInclude Include="actor\msg_queue.h">
      <Filter>头文件\actor</Filter>
    </ClInclude>
    <ClInclude Include="actor\scattered.h">
      <Filter>头文件\actor</Filter>
    </ClInclude>
    <ClInclude Include="actor\shared_strand.h">
      <Filter>头文件\actor</Filter>
    </ClInclude>
    <ClInclude Include="actor\stack_object.h">
      <Filter>头文件\actor</Filter>
    </ClInclude>
    <ClInclude Include="actor\strand_ex.h">
      <Filter>头文件\actor</Filter>
    </ClInclude>
    <ClInclude Include="actor\trace.h">
      <Filter>头文件\actor</Filter>
    </ClInclude>
    <ClInclude Include="actor\try_move.h">
      <Filter>头文件\actor</Filter>
    </ClInclude>
    <ClInclude Include="actor\tuple_option.h">
      <Filter>头文件\actor</Filter>
    </ClInclude>
    <ClInclude Include="actor\wrapped_capture.h">
      <Filter>头文件\actor</Filter>
    </ClInclude>
    <ClInclude Include="actor\wrapped_dispatch_handler.h">
      <Filter>头文件\actor</Filter>
    </ClInclude>
    <ClInclude Include="actor\wrapped_distribute_handler.h">
      <Filter>头文件\actor</Filter>
    </ClInclude>
    <ClInclude Include="actor\wrapped_next_tick_handler.h">
      <Filter>头文件\actor</Filter>
    </ClInclude>
    <ClInclude Include="actor\wrapped_post_handler.h">
      <Filter>头文件\actor</Filter>
    </ClInclude>
    <ClInclude Include="actor\wrapped_try_tick_handler.h">
      <Filter>头文件\actor</Filter>
    </ClInclude>
    <ClInclude Include="actor\actor_mutex.h">
      <Filter>头文件\actor</Filter>
    </ClInclude>
    <ClInclude Include="actor\async_buffer.h">
      <Filter>头文件\actor</Filter>
    </ClInclude>
    <ClInclude Include="actor\sync_msg.h">
      <Filter>头文件\actor</Filter>
    </ClInclude>
    <ClInclude Include="actor\lambda_ref.h">
      <Filter>头文件\actor</Filter>
    </ClInclude>
    <ClInclude Include="actor\check_actor_stack.h">
      <Filter>头文件\actor</Filter>
    </ClInclude>
    <ClInclude Include="actor\context_yield.h">
      <Filter>头文件\actor</Filter>
    </ClInclude>
    <ClInclude Include="actor\async_timer.h">
      <Filter>头文件\actor</Filter>
    </ClInclude>
    <ClInclude Include="actor\context_pool.h">
      <Filter>头文件\actor</Filter>
    </ClInclude>
    <ClInclude Include="actor\waitable_timer.h">
      <Filter>头文件\actor</Filter>
    </ClInclude>
    <ClInclude Include="actor\run_thread.h">
      <Filter>头文件\actor</Filter>
    </ClInclude>
    <ClInclude Include="actor\actor_socket.h">
      <Filter>头文件\actor</Filter>
    </ClInclude>
    <ClInclude Include="actor\my_actor.h">
      <Filter>头文件\actor</Filter>
    </ClInclude>
    <ClInclude Include="actor\bind_qt_run.h">
      <Filter>头文件\actor</Filter>
    </ClInclude>
    <ClInclude Include="actor\qt_strand.h">
      <Filter>头文件\actor</Filter>
    </ClInclude>
  </ItemGroup>
</Project>