<?xml version="1.0" encoding="utf-8"?>
<Project ToolsVersion="4.0" xmlns="http://schemas.microsoft.com/developer/msbuild/2003">
  <ItemGroup>
    <Filter Include="Source files">
      <UniqueIdentifier>{6ab983b4-f062-45d9-8bb7-940c88c7da01}</UniqueIdentifier>
      <Extensions>cpp;c;cc;cxx;def;odl;idl;hpj;bat;asm;asmx</Extensions>
    </Filter>
    <Filter Include="Header files">
      <UniqueIdentifier>{fd91e7bd-a988-43ce-84ae-a3686928bc6a}</UniqueIdentifier>
      <Extensions>h;hpp;hxx;hm;inl;inc;xsd</Extensions>
    </Filter>
    <Filter Include="Resource files">
      <UniqueIdentifier>{40388d9f-3da4-4bdf-8346-e04b5d8c1aa5}</UniqueIdentifier>
      <Extensions>rc;ico;cur;bmp;dlg;rc2;rct;bin;rgs;gif;jpg;jpeg;jpe;resx;tiff;tif;png;wav</Extensions>
    </Filter>
    <Filter Include="Make files">
      <UniqueIdentifier>{75b51378-3840-4c0d-8f2e-c4e6c132469f}</UniqueIdentifier>
      <Extensions>*.mak</Extensions>
    </Filter>
    <Filter Include="Source files\actor">
      <UniqueIdentifier>{d831d1a1-988e-4a29-9d61-4f46b1c0f4d7}</UniqueIdentifier>
    </Filter>
    <Filter Include="Header files\actor">
      <UniqueIdentifier>{392efa64-1dc5-4427-8bea-b61535201804}</UniqueIdentifier>
    </Filter>
  </ItemGroup>
  <ItemGroup>
    <ClCompile Include="MyActor.cpp">
      <Filter>Source files</Filter>
    </ClCompile>
    <ClCompile Include="actor\actor_framework.cpp">
      <Filter>Source files\actor</Filter>
    </ClCompile>
    <ClCompile Include="actor\actor_mutex.cpp">
      <Filter>Source files\actor</Filter>
    </ClCompile>
    <ClCompile Include="actor\actor_timer.cpp">
      <Filter>Source files\actor</Filter>
    </ClCompile>
    <ClCompile Include="actor\io_engine.cpp">
      <Filter>Source files\actor</Filter>
    </ClCompile>
    <ClCompile Include="actor\scattered.cpp">
      <Filter>Source files\actor</Filter>
    </ClCompile>
    <ClCompile Include="actor\shared_strand.cpp">
      <Filter>Source files\actor</Filter>
    </ClCompile>
    <ClCompile Include="actor\strand_ex.cpp">
      <Filter>Source files\actor</Filter>
    </ClCompile>
    <ClCompile Include="actor\async_timer.cpp">
      <Filter>Source files\actor</Filter>
    </ClCompile>
    <ClCompile Include="actor\context_yield.cpp">
      <Filter>Source files\actor</Filter>
    </ClCompile>
    <ClCompile Include="actor\context_pool.cpp">
      <Filter>Source files\actor</Filter>
    </ClCompile>
  </ItemGroup>
  <ItemGroup>
    <None Include="Makefile" />
    <None Include="debug.mak">
      <Filter>Make files</Filter>
    </None>
    <None Include="release.mak">
      <Filter>Make files</Filter>
    </None>
  </ItemGroup>
  <ItemGroup>
    <ClInclude Include="actor\io_engine.h">
      <Filter>Header files\actor</Filter>
    </ClInclude>
    <ClInclude Include="actor\trace.h">
      <Filter>Header files\actor</Filter>
    </ClInclude>
    <ClInclude Include="actor\try_move.h">
      <Filter>Header files\actor</Filter>
    </ClInclude>
    <ClInclude Include="actor\wrapped_dispatch_handler.h">
      <Filter>Header files\actor</Filter>
    </ClInclude>
    <ClInclude Include="actor\wrapped_distribute_handler.h">
      <Filter>Header files\actor</Filter>
    </ClInclude>
    <ClInclude Include="actor\wrapped_next_tick_handler.h">
      <Filter>Header files\actor</Filter>
    </ClInclude>
    <ClInclude Include="actor\wrapped_post_handler.h">
      <Filter>Header files\actor</Filter>
    </ClInclude>
    <ClInclude Include="actor\wrapped_try_tick_handler.h">
      <Filter>Header files\actor</Filter>
    </ClInclude>
    <ClInclude Include="actor\wrapped_capture.h">
      <Filter>Header files\actor</Filter>
    </ClInclude>
    <ClInclude Include="actor\tuple_option.h">
      <Filter>Header files\actor</Filter>
    </ClInclude>
    <ClInclude Include="actor\strand_ex.h">
      <Filter>Header files\actor</Filter>
    </ClInclude>
    <ClInclude Include="actor\mem_pool.h">
      <Filter>Header files\actor</Filter>
    </ClInclude>
    <ClInclude Include="actor\msg_queue.h">
      <Filter>Header files\actor</Filter>
    </ClInclude>
    <ClInclude Include="actor\shared_strand.h">
      <Filter>Header files\actor</Filter>
    </ClInclude>
    <ClInclude Include="actor\scattered.h">
      <Filter>Header files\actor</Filter>
    </ClInclude>
    <ClInclude Include="actor\actor_timer.h">
      <Filter>Header files\actor</Filter>
    </ClInclude>
    <ClInclude Include="actor\stack_object.h">
      <Filter>Header files\actor</Filter>
    </ClInclude>
    <ClInclude Include="actor\lambda_ref.h">
      <Filter>Header files\actor</Filter>
    </ClInclude>
    <ClInclude Include="actor\actor_framework.h">
      <Filter>Header files\actor</Filter>
    </ClInclude>
    <ClInclude Include="actor\check_actor_stack.h">
      <Filter>Header files\actor</Filter>
    </ClInclude>
    <ClInclude Include="actor\actor_mutex.h">
      <Filter>Header files\actor</Filter>
    </ClInclude>
    <ClInclude Include="actor\sync_msg.h">
      <Filter>Header files\actor</Filter>
    </ClInclude>
    <ClInclude Include="actor\async_buffer.h">
      <Filter>Header files\actor</Filter>
    </ClInclude>
    <ClInclude Include="actor\async_timer.h">
      <Filter>Header files\actor</Filter>
    </ClInclude>
    <ClInclude Include="actor\context_pool.h">
      <Filter>Header files\actor</Filter>
    </ClInclude>
    <ClInclude Include="actor\context_yield.h">
      <Filter>Header files\actor</Filter>
    </ClInclude>
  </ItemGroup>
</Project>