<?xml version="1.0" encoding="utf-8"?>
<Project ToolsVersion="4.0" xmlns="http://schemas.microsoft.com/developer/msbuild/2003">
  <ItemGroup>
    <Filter Include="源文件">
      <UniqueIdentifier>{4FC737F1-C7A5-4376-A066-2A32D752A2FF}</UniqueIdentifier>
      <Extensions>cpp;c;cc;cxx;def;odl;idl;hpj;bat;asm;asmx</Extensions>
    </Filter>
    <Filter Include="头文件">
      <UniqueIdentifier>{93995380-89BD-4b04-88EB-625FBE52EBFB}</UniqueIdentifier>
      <Extensions>h;hpp;hxx;hm;inl;inc;xsd</Extensions>
    </Filter>
    <Filter Include="资源文件">
      <UniqueIdentifier>{67DA6AB6-F800-4c08-8B7A-83BB121AAD01}</UniqueIdentifier>
      <Extensions>rc;ico;cur;bmp;dlg;rc2;rct;bin;rgs;gif;jpg;jpeg;jpe;resx;tiff;tif;png;wav;mfcribbon-ms</Extensions>
    </Filter>
    <Filter Include="头文件\common_code">
      <UniqueIdentifier>{9c7e1184-c240-4c90-805f-865305b2bf8e}</UniqueIdentifier>
    </Filter>
    <Filter Include="源文件\common_code">
      <UniqueIdentifier>{7f7e0463-1c7a-4ad3-8275-547d3cf7f8ff}</UniqueIdentifier>
    </Filter>
  </ItemGroup>
  <ItemGroup>
    <None Include="ReadMe.txt" />
    <None Include="res\socket_test.rc2">
      <Filter>资源文件</Filter>
    </None>
    <None Include="res\socket_test.ico">
      <Filter>资源文件</Filter>
    </None>
  </ItemGroup>
  <ItemGroup>
    <ClInclude Include="socket_test.h">
      <Filter>头文件</Filter>
    </ClInclude>
    <ClInclude Include="socket_testDlg.h">
      <Filter>头文件</Filter>
    </ClInclude>
    <ClInclude Include="stdafx.h">
      <Filter>头文件</Filter>
    </ClInclude>
    <ClInclude Include="targetver.h">
      <Filter>头文件</Filter>
    </ClInclude>
    <ClInclude Include="Resource.h">
      <Filter>头文件</Filter>
    </ClInclude>
    <ClInclude Include="dlg_session.h">
      <Filter>头文件</Filter>
    </ClInclude>
    <ClInclude Include="..\common_code\acceptor_socket.h">
      <Filter>头文件\common_code</Filter>
    </ClInclude>
    <ClInclude Include="..\common_code\boost_coroutine.h">
      <Filter>头文件\common_code</Filter>
    </ClInclude>
    <ClInclude Include="..\common_code\coro_stack.h">
      <Filter>头文件\common_code</Filter>
    </ClInclude>
    <ClInclude Include="..\common_code\ios_proxy.h">
      <Filter>头文件\common_code</Filter>
    </ClInclude>
    <ClInclude Include="..\common_code\msg_pipe.h">
      <Filter>头文件\common_code</Filter>
    </ClInclude>
    <ClInclude Include="..\common_code\shared_data.h">
      <Filter>头文件\common_code</Filter>
    </ClInclude>
    <ClInclude Include="..\common_code\shared_strand.h">
      <Filter>头文件\common_code</Filter>
    </ClInclude>
    <ClInclude Include="..\common_code\socket_io.h">
      <Filter>头文件\common_code</Filter>
    </ClInclude>
    <ClInclude Include="..\common_code\strand_ex.h">
      <Filter>头文件\common_code</Filter>
    </ClInclude>
    <ClInclude Include="..\common_code\stream_io_base.h">
      <Filter>头文件\common_code</Filter>
    </ClInclude>
    <ClInclude Include="..\common_code\super_timer.h">
      <Filter>头文件\common_code</Filter>
    </ClInclude>
    <ClInclude Include="..\common_code\text_stream_io.h">
      <Filter>头文件\common_code</Filter>
    </ClInclude>
    <ClInclude Include="..\common_code\time_out.h">
      <Filter>头文件\common_code</Filter>
    </ClInclude>
  </ItemGroup>
  <ItemGroup>
    <ClCompile Include="socket_test.cpp">
      <Filter>源文件</Filter>
    </ClCompile>
    <ClCompile Include="socket_testDlg.cpp">
      <Filter>源文件</Filter>
    </ClCompile>
    <ClCompile Include="stdafx.cpp">
      <Filter>源文件</Filter>
    </ClCompile>
    <ClCompile Include="dlg_session.cpp">
      <Filter>源文件</Filter>
    </ClCompile>
    <ClCompile Include="..\common_code\acceptor_socket.cpp">
      <Filter>源文件\common_code</Filter>
    </ClCompile>
    <ClCompile Include="..\common_code\boost_coroutine.cpp">
      <Filter>源文件\common_code</Filter>
    </ClCompile>
    <ClCompile Include="..\common_code\coro_stack.cpp">
      <Filter>源文件\common_code</Filter>
    </ClCompile>
    <ClCompile Include="..\common_code\ios_proxy.cpp">
      <Filter>源文件\common_code</Filter>
    </ClCompile>
    <ClCompile Include="..\common_code\shared_data.cpp">
      <Filter>源文件\common_code</Filter>
    </ClCompile>
    <ClCompile Include="..\common_code\socket_io.cpp">
      <Filter>源文件\common_code</Filter>
    </ClCompile>
    <ClCompile Include="..\common_code\super_timer.cpp">
      <Filter>源文件\common_code</Filter>
    </ClCompile>
    <ClCompile Include="..\common_code\text_stream_io.cpp">
      <Filter>源文件\common_code</Filter>
    </ClCompile>
    <ClCompile Include="..\common_code\time_out.cpp">
      <Filter>源文件\common_code</Filter>
    </ClCompile>
  </ItemGroup>
  <ItemGroup>
    <ResourceCompile Include="socket_test.rc">
      <Filter>资源文件</Filter>
    </ResourceCompile>
  </ItemGroup>
</Project>